
Microsoft Visual Studio Solution File, Format Version 12.00
# Visual Studio Version 17
VisualStudioVersion = 17.7.34024.191
MinimumVisualStudioVersion = 10.0.40219.1
Project("{FAE04EC0-301F-11D3-BF4B-00C04F79EFBC}") = "CSharp_Client", "CSharp_Client\CSharp_Client.csproj", "{AFC7FFB1-79F9-45B4-A8D1-6DE1750DEBFE}"
EndProject
Global
	GlobalSection(SolutionConfigurationPlatforms) = preSolution
		Debug|Any CPU = Debug|Any CPU
		Release|Any CPU = Release|Any CPU
	EndGlobalSection
	GlobalSection(ProjectConfigurationPlatforms) = postSolution
		{AFC7FFB1-79F9-45B4-A8D1-6DE1750DEBFE}.Debug|Any CPU.ActiveCfg = Debug|Any CPU
		{AFC7FFB1-79F9-45B4-A8D1-6DE1750DEBFE}.Debug|Any CPU.Build.0 = Debug|Any CPU
		{AFC7FFB1-79F9-45B4-A8D1-6DE1750DEBFE}.Release|Any CPU.ActiveCfg = Release|Any CPU
		{AFC7FFB1-79F9-45B4-A8D1-6DE1750DEBFE}.Release|Any CPU.Build.0 = Release|Any CPU
	EndGlobalSection
	GlobalSection(SolutionProperties) = preSolution
		HideSolutionNode = FALSE
	EndGlobalSection
	GlobalSection(ExtensibilityGlobals) = postSolution
		SolutionGuid = {52892AE5-4790-4367-B216-A35749D69374}
	EndGlobalSection
EndGlobal
